
Microsoft Visual Studio Solution File, Format Version 12.00
# Visual Studio Version 17
VisualStudioVersion = 17.13.35931.197 d17.13
MinimumVisualStudioVersion = 10.0.40219.1
Project("{FAE04EC0-301F-11D3-BF4B-00C04F79EFBC}") = "RetroTrackRestNet", "RetroTrackRestNet.csproj", "{060FAA63-763C-4CC9-A8ED-E78FE3057B4D}"
EndProject
Global
	GlobalSection(SolutionConfigurationPlatforms) = preSolution
		Debug|Any CPU = Debug|Any CPU
		Release|Any CPU = Release|Any CPU
	EndGlobalSection
	GlobalSection(ProjectConfigurationPlatforms) = postSolution
		{060FAA63-763C-4CC9-A8ED-E78FE3057B4D}.Debug|Any CPU.ActiveCfg = Debug|Any CPU
		{060FAA63-763C-4CC9-A8ED-E78FE3057B4D}.Debug|Any CPU.Build.0 = Debug|Any CPU
		{060FAA63-763C-4CC9-A8ED-E78FE3057B4D}.Release|Any CPU.ActiveCfg = Release|Any CPU
		{060FAA63-763C-4CC9-A8ED-E78FE3057B4D}.Release|Any CPU.Build.0 = Release|Any CPU
	EndGlobalSection
	GlobalSection(SolutionProperties) = preSolution
		HideSolutionNode = FALSE
	EndGlobalSection
	GlobalSection(ExtensibilityGlobals) = postSolution
		SolutionGuid = {E8456079-AC99-4E7F-8082-DEBCF15C4199}
	EndGlobalSection
EndGlobal
